lockfileVersion: '9.0'

settings:
  autoInstallPeers: true
  excludeLinksFromLockfile: false

importers:

  .:
    dependencies:
      typescript:
        specifier: '>=5.6.2 <6.0.0'
        version: 5.6.2
    devDependencies:
      '@biomejs/biome':
        specifier: 2.4.0
        version: 2.4.0
      '@rainstormy/presets-biome':
        specifier: 2.1.3
        version: 2.1.3(@biomejs/biome@2.4.0)
      lefthook:
        specifier: 2.0.4
        version: 2.0.4

packages:

  '@biomejs/biome@2.4.0':
    resolution: {integrity: sha512-iluT61cORUDIC5i/y42ljyQraCemmmcgbMLLCnYO+yh+2hjTmcMFcwY8G0zTzWCsPb3t3AyKc+0t/VuhPZULUg==}
    engines: {node: '>=14.21.3'}
    hasBin: true

  '@biomejs/cli-darwin-arm64@2.4.0':
    resolution: {integrity: sha512-L+YpOtPSuU0etomfvFTPWRsa7+8ejaJL3yaROEoT/96HDJbR6OsvZQk0C8JUYou+XFdP+JcGxqZknkp4n934RA==}
    engines: {node: '>=14.21.3'}
    cpu: [arm64]
    os: [darwin]

  '@biomejs/cli-darwin-x64@2.4.0':
    resolution: {integrity: sha512-Aq+S7ffpb5ynTyLgtnEjG+W6xuTd2F7FdC7J6ShpvRhZwJhjzwITGF9vrqoOnw0sv1XWkt2Q1Rpg+hleg/Xg7Q==}
    engines: {node: '>=14.21.3'}
    cpu: [x64]
    os: [darwin]

  '@biomejs/cli-linux-arm64-musl@2.4.0':
    resolution: {integrity: sha512-1rhDUq8sf7xX3tg7vbnU3WVfanKCKi40OXc4VleBMzRStmQHdeBY46aFP6VdwEomcVjyNiu+Zcr3LZtAdrZrjQ==}
    engines: {node: '>=14.21.3'}
    cpu: [arm64]
    os: [linux]
    libc: [musl]

  '@biomejs/cli-linux-arm64@2.4.0':
    resolution: {integrity: sha512-u2p54IhvNAWB+h7+rxCZe3reNfQYFK+ppDw+q0yegrGclFYnDPZAntv/PqgUacpC3uxTeuWFgWW7RFe3lHuxOA==}
    engines: {node: '>=14.21.3'}
    cpu: [arm64]
    os: [linux]
    libc: [glibc]

  '@biomejs/cli-linux-x64-musl@2.4.0':
    resolution: {integrity: sha512-Omo0xhl63z47X+CrE5viEWKJhejJyndl577VoXg763U/aoATrK3r5+8DPh02GokWPeODX1Hek00OtjjooGan9w==}
    engines: {node: '>=14.21.3'}
    cpu: [x64]
    os: [linux]
    libc: [musl]

  '@biomejs/cli-linux-x64@2.4.0':
    resolution: {integrity: sha512-WVFOhsnzhrbMGOSIcB9yFdRV2oG2KkRRhIZiunI9gJqSU3ax9ErdnTxRfJUxZUI9NbzVxC60OCXNcu+mXfF/Tw==}
    engines: {node: '>=14.21.3'}
    cpu: [x64]
    os: [linux]
    libc: [glibc]

  '@biomejs/cli-win32-arm64@2.4.0':
    resolution: {integrity: sha512-aqRwW0LJLV1v1NzyLvLWQhdLmDSAV1vUh+OBdYJaa8f28XBn5BZavo+WTfqgEzALZxlNfBmu6NGO6Al3MbCULw==}
    engines: {node: '>=14.21.3'}
    cpu: [arm64]
    os: [win32]

  '@biomejs/cli-win32-x64@2.4.0':
    resolution: {integrity: sha512-g47s+V+OqsGxbSZN3lpav6WYOk0PIc3aCBAq+p6dwSynL3K5MA6Cg6nkzDOlu28GEHwbakW+BllzHCJCxnfK5Q==}
    engines: {node: '>=14.21.3'}
    cpu: [x64]
    os: [win32]

  '@rainstormy/presets-biome@2.1.3':
    resolution: {integrity: sha512-9XiM4tiPNc9bFwwt4h6AzesggLx2h3KApti0N39MjXC2sDzAvXo0nAToGZyRNLWQnpnk8lecanfDp/N5Ecmf6g==}
    peerDependencies:
      '@biomejs/biome': '>=2.2.0 <2.4.0'

  lefthook-darwin-arm64@2.0.4:
    resolution: {integrity: sha512-AR63/O5UkM7Sc6x5PhP4vTuztTYRBeBroXApeWGM/8e5uZyoQug/7KTh7xhbCMDf8WJv6vdFeXAQCPSmDyPU3Q==}
    cpu: [arm64]
    os: [darwin]

  lefthook-darwin-x64@2.0.4:
    resolution: {integrity: sha512-618DVUttSzV9egQiqTQoxGfnR240JoPWYmqRVHhiegnQKZ2lp5XJ+7NMxeRk/ih93VVOLzFO5ky3PbpxTmJgjQ==}
    cpu: [x64]
    os: [darwin]

  lefthook-freebsd-arm64@2.0.4:
    resolution: {integrity: sha512-mTAQym1BK38fKglHBQ/0GXPznVC4LoStHO5lAI3ZxaEC0FQetqGHYFzhWbIH5sde9JhztE2rL/aBzMHDoAtzSw==}
    cpu: [arm64]
    os: [freebsd]

  lefthook-freebsd-x64@2.0.4:
    resolution: {integrity: sha512-sy02aSxd8UMd6XmiPFVl/Em0b78jdZcDSsLwg+bweJQQk0l+vJhOfqFiG11mbnpo+EBIZmRe6OH5LkxeSU36+w==}
    cpu: [x64]
    os: [freebsd]

  lefthook-linux-arm64@2.0.4:
    resolution: {integrity: sha512-W0Nlr/Cz2QTH9n4k5zNrk3LSsg1C4wHiJi8hrAiQVTaAV/N1XrKqd0DevqQuouuapG6pw/6B1xCgiNPebv9oyw==}
    cpu: [arm64]
    os: [linux]

  lefthook-linux-x64@2.0.4:
    resolution: {integrity: sha512-N6ySVCtB/DrOZ1ZgPL8WBZTgtoVHvcPKI+LV5wbcGrvA/dzDZFvniadrbDWZg7Tm705efiQzyENjwhhqNkwiww==}
    cpu: [x64]
    os: [linux]

  lefthook-openbsd-arm64@2.0.4:
    resolution: {integrity: sha512-VmOhJO3pYzZ/1C2WFXtL/n5pq4/eYOroqJJpwTJfmCHyw4ceLACu8MDyU5AMJhGMkbL8mPxGInJKxg5xhYgGRw==}
    cpu: [arm64]
    os: [openbsd]

  lefthook-openbsd-x64@2.0.4:
    resolution: {integrity: sha512-U8MZz1xlHUdflkQQ2hkMQsei6fSZbs8tuE4EjCIHWnNdnAF4V8sZ6n1KbxsJcoZXPyBZqxZSMu1o/Ye8IAMVKg==}
    cpu: [x64]
    os: [openbsd]

  lefthook-windows-arm64@2.0.4:
    resolution: {integrity: sha512-543H3y2JAwNdvwUQ6nlNBG7rdKgoOUgzAa6pYcl6EoqicCRrjRmGhkJu7vUudkkrD2Wjm7tr9hU9poP2g5fRFQ==}
    cpu: [arm64]
    os: [win32]

  lefthook-windows-x64@2.0.4:
    resolution: {integrity: sha512-UDEPK9RWKm60xsNOdS/DQOdFba0SFa4w3tpFMXK1AJzmRHhosoKrorXGhtTr6kcM0MGKOtYi8GHsm++ArZ9wvQ==}
    cpu: [x64]
    os: [win32]

  lefthook@2.0.4:
    resolution: {integrity: sha512-GNCU2vQWM/UWjiEF23601aILi1aMbPke6viortH7wIO/oVGOCW0H6FdLez4XZDyqnHL9XkTnd0BBVrBbYVMLpA==}
    hasBin: true

  typescript@5.6.2:
    resolution: {integrity: sha512-NW8ByodCSNCwZeghjN3o+JX5OFH0Ojg6sadjEKY4huZ52TqbJTJnDo5+Tw98lSy63NZvi4n+ez5m2u5d4PkZyw==}
    engines: {node: '>=14.17'}
    hasBin: true

snapshots:

  '@biomejs/biome@2.4.0':
    optionalDependencies:
      '@biomejs/cli-darwin-arm64': 2.4.0
      '@biomejs/cli-darwin-x64': 2.4.0
      '@biomejs/cli-linux-arm64': 2.4.0
      '@biomejs/cli-linux-arm64-musl': 2.4.0
      '@biomejs/cli-linux-x64': 2.4.0
      '@biomejs/cli-linux-x64-musl': 2.4.0
      '@biomejs/cli-win32-arm64': 2.4.0
      '@biomejs/cli-win32-x64': 2.4.0

  '@biomejs/cli-darwin-arm64@2.4.0':
    optional: true

  '@biomejs/cli-darwin-x64@2.4.0':
    optional: true

  '@biomejs/cli-linux-arm64-musl@2.4.0':
    optional: true

  '@biomejs/cli-linux-arm64@2.4.0':
    optional: true

  '@biomejs/cli-linux-x64-musl@2.4.0':
    optional: true

  '@biomejs/cli-linux-x64@2.4.0':
    optional: true

  '@biomejs/cli-win32-arm64@2.4.0':
    optional: true

  '@biomejs/cli-win32-x64@2.4.0':
    optional: true

  '@rainstormy/presets-biome@2.1.3(@biomejs/biome@2.4.0)':
    dependencies:
      '@biomejs/biome': 2.4.0

  lefthook-darwin-arm64@2.0.4:
    optional: true

  lefthook-darwin-x64@2.0.4:
    optional: true

  lefthook-freebsd-arm64@2.0.4:
    optional: true

  lefthook-freebsd-x64@2.0.4:
    optional: true

  lefthook-linux-arm64@2.0.4:
    optional: true

  lefthook-linux-x64@2.0.4:
    optional: true

  lefthook-openbsd-arm64@2.0.4:
    optional: true

  lefthook-openbsd-x64@2.0.4:
    optional: true

  lefthook-windows-arm64@2.0.4:
    optional: true

  lefthook-windows-x64@2.0.4:
    optional: true

  lefthook@2.0.4:
    optionalDependencies:
      lefthook-darwin-arm64: 2.0.4
      lefthook-darwin-x64: 2.0.4
      lefthook-freebsd-arm64: 2.0.4
      lefthook-freebsd-x64: 2.0.4
      lefthook-linux-arm64: 2.0.4
      lefthook-linux-x64: 2.0.4
      lefthook-openbsd-arm64: 2.0.4
      lefthook-openbsd-x64: 2.0.4
      lefthook-windows-arm64: 2.0.4
      lefthook-windows-x64: 2.0.4

  typescript@5.6.2: {}
