lockfileVersion: '9.0'

settings:
  autoInstallPeers: true
  excludeLinksFromLockfile: false

importers:

  .:
    dependencies:
      typescript:
        specifier: '>=5.6.2 <6.0.0'
        version: 5.6.2
    devDependencies:
      '@biomejs/biome':
        specifier: 2.3.8
        version: 2.3.8
      '@rainstormy/presets-biome':
        specifier: 2.1.2
        version: 2.1.2(@biomejs/biome@2.3.8)
      lefthook:
        specifier: 2.0.4
        version: 2.0.4

packages:

  '@biomejs/biome@2.3.8':
    resolution: {integrity: sha512-Qjsgoe6FEBxWAUzwFGFrB+1+M8y/y5kwmg5CHac+GSVOdmOIqsAiXM5QMVGZJ1eCUCLlPZtq4aFAQ0eawEUuUA==}
    engines: {node: '>=14.21.3'}
    hasBin: true

  '@biomejs/cli-darwin-arm64@2.3.8':
    resolution: {integrity: sha512-HM4Zg9CGQ3txTPflxD19n8MFPrmUAjaC7PQdLkugeeC0cQ+PiVrd7i09gaBS/11QKsTDBJhVg85CEIK9f50Qww==}
    engines: {node: '>=14.21.3'}
    cpu: [arm64]
    os: [darwin]

  '@biomejs/cli-darwin-x64@2.3.8':
    resolution: {integrity: sha512-lUDQ03D7y/qEao7RgdjWVGCu+BLYadhKTm40HkpJIi6kn8LSv5PAwRlew/DmwP4YZ9ke9XXoTIQDO1vAnbRZlA==}
    engines: {node: '>=14.21.3'}
    cpu: [x64]
    os: [darwin]

  '@biomejs/cli-linux-arm64-musl@2.3.8':
    resolution: {integrity: sha512-PShR4mM0sjksUMyxbyPNMxoKFPVF48fU8Qe8Sfx6w6F42verbwRLbz+QiKNiDPRJwUoMG1nPM50OBL3aOnTevA==}
    engines: {node: '>=14.21.3'}
    cpu: [arm64]
    os: [linux]

  '@biomejs/cli-linux-arm64@2.3.8':
    resolution: {integrity: sha512-Uo1OJnIkJgSgF+USx970fsM/drtPcQ39I+JO+Fjsaa9ZdCN1oysQmy6oAGbyESlouz+rzEckLTF6DS7cWse95g==}
    engines: {node: '>=14.21.3'}
    cpu: [arm64]
    os: [linux]

  '@biomejs/cli-linux-x64-musl@2.3.8':
    resolution: {integrity: sha512-YGLkqU91r1276uwSjiUD/xaVikdxgV1QpsicT0bIA1TaieM6E5ibMZeSyjQ/izBn4tKQthUSsVZacmoJfa3pDA==}
    engines: {node: '>=14.21.3'}
    cpu: [x64]
    os: [linux]

  '@biomejs/cli-linux-x64@2.3.8':
    resolution: {integrity: sha512-QDPMD5bQz6qOVb3kiBui0zKZXASLo0NIQ9JVJio5RveBEFgDgsvJFUvZIbMbUZT3T00M/1wdzwWXk4GIh0KaAw==}
    engines: {node: '>=14.21.3'}
    cpu: [x64]
    os: [linux]

  '@biomejs/cli-win32-arm64@2.3.8':
    resolution: {integrity: sha512-H4IoCHvL1fXKDrTALeTKMiE7GGWFAraDwBYFquE/L/5r1927Te0mYIGseXi4F+lrrwhSWbSGt5qPFswNoBaCxg==}
    engines: {node: '>=14.21.3'}
    cpu: [arm64]
    os: [win32]

  '@biomejs/cli-win32-x64@2.3.8':
    resolution: {integrity: sha512-RguzimPoZWtBapfKhKjcWXBVI91tiSprqdBYu7tWhgN8pKRZhw24rFeNZTNf6UiBfjCYCi9eFQs/JzJZIhuK4w==}
    engines: {node: '>=14.21.3'}
    cpu: [x64]
    os: [win32]

  '@rainstormy/presets-biome@2.1.2':
    resolution: {integrity: sha512-Tj4tmcQKaDubVufAmgNyVpBHxccz9kw8Sty1gTXlNOAV96JMJKly2CYK4Wvm/ke7qXauRcl7NknmasS85vUSmw==}
    peerDependencies:
      '@biomejs/biome': '>=2.2.0 <2.4.0'

  lefthook-darwin-arm64@2.0.4:
    resolution: {integrity: sha512-AR63/O5UkM7Sc6x5PhP4vTuztTYRBeBroXApeWGM/8e5uZyoQug/7KTh7xhbCMDf8WJv6vdFeXAQCPSmDyPU3Q==}
    cpu: [arm64]
    os: [darwin]

  lefthook-darwin-x64@2.0.4:
    resolution: {integrity: sha512-618DVUttSzV9egQiqTQoxGfnR240JoPWYmqRVHhiegnQKZ2lp5XJ+7NMxeRk/ih93VVOLzFO5ky3PbpxTmJgjQ==}
    cpu: [x64]
    os: [darwin]

  lefthook-freebsd-arm64@2.0.4:
    resolution: {integrity: sha512-mTAQym1BK38fKglHBQ/0GXPznVC4LoStHO5lAI3ZxaEC0FQetqGHYFzhWbIH5sde9JhztE2rL/aBzMHDoAtzSw==}
    cpu: [arm64]
    os: [freebsd]

  lefthook-freebsd-x64@2.0.4:
    resolution: {integrity: sha512-sy02aSxd8UMd6XmiPFVl/Em0b78jdZcDSsLwg+bweJQQk0l+vJhOfqFiG11mbnpo+EBIZmRe6OH5LkxeSU36+w==}
    cpu: [x64]
    os: [freebsd]

  lefthook-linux-arm64@2.0.4:
    resolution: {integrity: sha512-W0Nlr/Cz2QTH9n4k5zNrk3LSsg1C4wHiJi8hrAiQVTaAV/N1XrKqd0DevqQuouuapG6pw/6B1xCgiNPebv9oyw==}
    cpu: [arm64]
    os: [linux]

  lefthook-linux-x64@2.0.4:
    resolution: {integrity: sha512-N6ySVCtB/DrOZ1ZgPL8WBZTgtoVHvcPKI+LV5wbcGrvA/dzDZFvniadrbDWZg7Tm705efiQzyENjwhhqNkwiww==}
    cpu: [x64]
    os: [linux]

  lefthook-openbsd-arm64@2.0.4:
    resolution: {integrity: sha512-VmOhJO3pYzZ/1C2WFXtL/n5pq4/eYOroqJJpwTJfmCHyw4ceLACu8MDyU5AMJhGMkbL8mPxGInJKxg5xhYgGRw==}
    cpu: [arm64]
    os: [openbsd]

  lefthook-openbsd-x64@2.0.4:
    resolution: {integrity: sha512-U8MZz1xlHUdflkQQ2hkMQsei6fSZbs8tuE4EjCIHWnNdnAF4V8sZ6n1KbxsJcoZXPyBZqxZSMu1o/Ye8IAMVKg==}
    cpu: [x64]
    os: [openbsd]

  lefthook-windows-arm64@2.0.4:
    resolution: {integrity: sha512-543H3y2JAwNdvwUQ6nlNBG7rdKgoOUgzAa6pYcl6EoqicCRrjRmGhkJu7vUudkkrD2Wjm7tr9hU9poP2g5fRFQ==}
    cpu: [arm64]
    os: [win32]

  lefthook-windows-x64@2.0.4:
    resolution: {integrity: sha512-UDEPK9RWKm60xsNOdS/DQOdFba0SFa4w3tpFMXK1AJzmRHhosoKrorXGhtTr6kcM0MGKOtYi8GHsm++ArZ9wvQ==}
    cpu: [x64]
    os: [win32]

  lefthook@2.0.4:
    resolution: {integrity: sha512-GNCU2vQWM/UWjiEF23601aILi1aMbPke6viortH7wIO/oVGOCW0H6FdLez4XZDyqnHL9XkTnd0BBVrBbYVMLpA==}
    hasBin: true

  typescript@5.6.2:
    resolution: {integrity: sha512-NW8ByodCSNCwZeghjN3o+JX5OFH0Ojg6sadjEKY4huZ52TqbJTJnDo5+Tw98lSy63NZvi4n+ez5m2u5d4PkZyw==}
    engines: {node: '>=14.17'}
    hasBin: true

snapshots:

  '@biomejs/biome@2.3.8':
    optionalDependencies:
      '@biomejs/cli-darwin-arm64': 2.3.8
      '@biomejs/cli-darwin-x64': 2.3.8
      '@biomejs/cli-linux-arm64': 2.3.8
      '@biomejs/cli-linux-arm64-musl': 2.3.8
      '@biomejs/cli-linux-x64': 2.3.8
      '@biomejs/cli-linux-x64-musl': 2.3.8
      '@biomejs/cli-win32-arm64': 2.3.8
      '@biomejs/cli-win32-x64': 2.3.8

  '@biomejs/cli-darwin-arm64@2.3.8':
    optional: true

  '@biomejs/cli-darwin-x64@2.3.8':
    optional: true

  '@biomejs/cli-linux-arm64-musl@2.3.8':
    optional: true

  '@biomejs/cli-linux-arm64@2.3.8':
    optional: true

  '@biomejs/cli-linux-x64-musl@2.3.8':
    optional: true

  '@biomejs/cli-linux-x64@2.3.8':
    optional: true

  '@biomejs/cli-win32-arm64@2.3.8':
    optional: true

  '@biomejs/cli-win32-x64@2.3.8':
    optional: true

  '@rainstormy/presets-biome@2.1.2(@biomejs/biome@2.3.8)':
    dependencies:
      '@biomejs/biome': 2.3.8

  lefthook-darwin-arm64@2.0.4:
    optional: true

  lefthook-darwin-x64@2.0.4:
    optional: true

  lefthook-freebsd-arm64@2.0.4:
    optional: true

  lefthook-freebsd-x64@2.0.4:
    optional: true

  lefthook-linux-arm64@2.0.4:
    optional: true

  lefthook-linux-x64@2.0.4:
    optional: true

  lefthook-openbsd-arm64@2.0.4:
    optional: true

  lefthook-openbsd-x64@2.0.4:
    optional: true

  lefthook-windows-arm64@2.0.4:
    optional: true

  lefthook-windows-x64@2.0.4:
    optional: true

  lefthook@2.0.4:
    optionalDependencies:
      lefthook-darwin-arm64: 2.0.4
      lefthook-darwin-x64: 2.0.4
      lefthook-freebsd-arm64: 2.0.4
      lefthook-freebsd-x64: 2.0.4
      lefthook-linux-arm64: 2.0.4
      lefthook-linux-x64: 2.0.4
      lefthook-openbsd-arm64: 2.0.4
      lefthook-openbsd-x64: 2.0.4
      lefthook-windows-arm64: 2.0.4
      lefthook-windows-x64: 2.0.4

  typescript@5.6.2: {}
