lockfileVersion: '9.0'

settings:
  autoInstallPeers: true
  excludeLinksFromLockfile: false

importers:

  .:
    dependencies:
      typescript:
        specifier: '>=5.6.2 <6.0.0'
        version: 5.6.2
    devDependencies:
      '@biomejs/biome':
        specifier: 1.9.4
        version: 1.9.4
      '@rainstormy/presets-biome':
        specifier: 1.0.0
        version: 1.0.0(@biomejs/biome@1.9.4)
      lefthook:
        specifier: 1.12.3
        version: 1.12.3

packages:

  '@biomejs/biome@1.9.4':
    resolution: {integrity: sha512-1rkd7G70+o9KkTn5KLmDYXihGoTaIGO9PIIN2ZB7UJxFrWw04CZHPYiMRjYsaDvVV7hP1dYNRLxSANLaBFGpog==}
    engines: {node: '>=14.21.3'}
    hasBin: true

  '@biomejs/cli-darwin-arm64@1.9.4':
    resolution: {integrity: sha512-bFBsPWrNvkdKrNCYeAp+xo2HecOGPAy9WyNyB/jKnnedgzl4W4Hb9ZMzYNbf8dMCGmUdSavlYHiR01QaYR58cw==}
    engines: {node: '>=14.21.3'}
    cpu: [arm64]
    os: [darwin]

  '@biomejs/cli-darwin-x64@1.9.4':
    resolution: {integrity: sha512-ngYBh/+bEedqkSevPVhLP4QfVPCpb+4BBe2p7Xs32dBgs7rh9nY2AIYUL6BgLw1JVXV8GlpKmb/hNiuIxfPfZg==}
    engines: {node: '>=14.21.3'}
    cpu: [x64]
    os: [darwin]

  '@biomejs/cli-linux-arm64-musl@1.9.4':
    resolution: {integrity: sha512-v665Ct9WCRjGa8+kTr0CzApU0+XXtRgwmzIf1SeKSGAv+2scAlW6JR5PMFo6FzqqZ64Po79cKODKf3/AAmECqA==}
    engines: {node: '>=14.21.3'}
    cpu: [arm64]
    os: [linux]

  '@biomejs/cli-linux-arm64@1.9.4':
    resolution: {integrity: sha512-fJIW0+LYujdjUgJJuwesP4EjIBl/N/TcOX3IvIHJQNsAqvV2CHIogsmA94BPG6jZATS4Hi+xv4SkBBQSt1N4/g==}
    engines: {node: '>=14.21.3'}
    cpu: [arm64]
    os: [linux]

  '@biomejs/cli-linux-x64-musl@1.9.4':
    resolution: {integrity: sha512-gEhi/jSBhZ2m6wjV530Yy8+fNqG8PAinM3oV7CyO+6c3CEh16Eizm21uHVsyVBEB6RIM8JHIl6AGYCv6Q6Q9Tg==}
    engines: {node: '>=14.21.3'}
    cpu: [x64]
    os: [linux]

  '@biomejs/cli-linux-x64@1.9.4':
    resolution: {integrity: sha512-lRCJv/Vi3Vlwmbd6K+oQ0KhLHMAysN8lXoCI7XeHlxaajk06u7G+UsFSO01NAs5iYuWKmVZjmiOzJ0OJmGsMwg==}
    engines: {node: '>=14.21.3'}
    cpu: [x64]
    os: [linux]

  '@biomejs/cli-win32-arm64@1.9.4':
    resolution: {integrity: sha512-tlbhLk+WXZmgwoIKwHIHEBZUwxml7bRJgk0X2sPyNR3S93cdRq6XulAZRQJ17FYGGzWne0fgrXBKpl7l4M87Hg==}
    engines: {node: '>=14.21.3'}
    cpu: [arm64]
    os: [win32]

  '@biomejs/cli-win32-x64@1.9.4':
    resolution: {integrity: sha512-8Y5wMhVIPaWe6jw2H+KlEm4wP/f7EW3810ZLmDlrEEy5KvBsb9ECEfu/kMWD484ijfQ8+nIi0giMgu9g1UAuuA==}
    engines: {node: '>=14.21.3'}
    cpu: [x64]
    os: [win32]

  '@rainstormy/presets-biome@1.0.0':
    resolution: {integrity: sha512-LbOMEIgB9fYNgbORYu+EmPp7vt4irCxqSFV4PR7jTbDDx+n0DS2SzDhatK/JOVnVKxL9kqgXi5bW3qrcERQoaA==}
    engines: {node: '>=20.0.0'}
    peerDependencies:
      '@biomejs/biome': '>=1.9.0 <1.10.0'

  lefthook-darwin-arm64@1.12.3:
    resolution: {integrity: sha512-j1lwaosWRy3vhz8oQgCS1M6EUFN95aIYeNuqkczsBoAA6BDNAmVP1ctYEIYUK4bYaIgENbqbA9prYMAhyzh6Og==}
    cpu: [arm64]
    os: [darwin]

  lefthook-darwin-x64@1.12.3:
    resolution: {integrity: sha512-x6aWFfLQX4m5zQ4X9zh5+hHOE5XTvNjz2zB9DI+xbIBLs2RRg0xJNT3OfgSrBU1QtEBneJ5dRQP5nl47td9GDQ==}
    cpu: [x64]
    os: [darwin]

  lefthook-freebsd-arm64@1.12.3:
    resolution: {integrity: sha512-41OmulLqVZ0EOHmmHouJrpL59SwDD7FLoso4RsQVIBPaf8fHacdLo07Ye28VWQ5XolZQvnWcr1YXKo4JhqQMyw==}
    cpu: [arm64]
    os: [freebsd]

  lefthook-freebsd-x64@1.12.3:
    resolution: {integrity: sha512-741/JRCJIS++hgYEH2uefN4FsH872V7gy2zDhcfQofiZnWP7+qhl4Wmwi8IpjIu4X7hLOC4cT18LOVU5L8KV9Q==}
    cpu: [x64]
    os: [freebsd]

  lefthook-linux-arm64@1.12.3:
    resolution: {integrity: sha512-BXIy1aDFZmFgmebJliNrEqZfX1lSOD4b/USvANv1UirFrNgTq5SRssd1CKfflT2PwKX6LsJTD4WabLLWZOxp9A==}
    cpu: [arm64]
    os: [linux]

  lefthook-linux-x64@1.12.3:
    resolution: {integrity: sha512-FRdwdj5jsQAP2eVrtkVUqMqYNCbQ2Ix84izy29/BvLlu/hVypAGbDfUkgFnsmAd6ZsCBeYCEtPuqyg3E3SO0Rg==}
    cpu: [x64]
    os: [linux]

  lefthook-openbsd-arm64@1.12.3:
    resolution: {integrity: sha512-tch5wXY4GOjKAYohH7OFoxNdVHuUSYt2Pulo2VTkMYEG8IrvJnRO5MkvgHtKDHzU5mfABQYv5+ccJykDx5hQWA==}
    cpu: [arm64]
    os: [openbsd]

  lefthook-openbsd-x64@1.12.3:
    resolution: {integrity: sha512-IHbHg/rUFXrAN7LnjcQEtutCHBaD49CZge96Hpk0GZ2eEG5GTCNRnUyEf+Kf3+RTqHFgwtADdpeDa/ZaGZTM4g==}
    cpu: [x64]
    os: [openbsd]

  lefthook-windows-arm64@1.12.3:
    resolution: {integrity: sha512-wghcE5TSpb+mbtemUV6uAo9hEK09kxRzhf2nPdeDX+fw42cL2TGZsbaCnDyzaY144C+L2/wEWrLIHJMnZYkuqA==}
    cpu: [arm64]
    os: [win32]

  lefthook-windows-x64@1.12.3:
    resolution: {integrity: sha512-7Co/L8e2x2hGC1L33jDJ4ZlTkO3PJm25GOGpLfN1kqwhGB/uzMLeTI/PBczjlIN8isUv26ouNd9rVR7Bibrwyg==}
    cpu: [x64]
    os: [win32]

  lefthook@1.12.3:
    resolution: {integrity: sha512-huMg+mGp6wHPjkaLdchuOvxVRMzvz6OVdhivatiH2Qn47O5Zm46jwzbVPYIanX6N/8ZTjGLBxv8tZ0KYmKt/Jg==}
    hasBin: true

  typescript@5.6.2:
    resolution: {integrity: sha512-NW8ByodCSNCwZeghjN3o+JX5OFH0Ojg6sadjEKY4huZ52TqbJTJnDo5+Tw98lSy63NZvi4n+ez5m2u5d4PkZyw==}
    engines: {node: '>=14.17'}
    hasBin: true

snapshots:

  '@biomejs/biome@1.9.4':
    optionalDependencies:
      '@biomejs/cli-darwin-arm64': 1.9.4
      '@biomejs/cli-darwin-x64': 1.9.4
      '@biomejs/cli-linux-arm64': 1.9.4
      '@biomejs/cli-linux-arm64-musl': 1.9.4
      '@biomejs/cli-linux-x64': 1.9.4
      '@biomejs/cli-linux-x64-musl': 1.9.4
      '@biomejs/cli-win32-arm64': 1.9.4
      '@biomejs/cli-win32-x64': 1.9.4

  '@biomejs/cli-darwin-arm64@1.9.4':
    optional: true

  '@biomejs/cli-darwin-x64@1.9.4':
    optional: true

  '@biomejs/cli-linux-arm64-musl@1.9.4':
    optional: true

  '@biomejs/cli-linux-arm64@1.9.4':
    optional: true

  '@biomejs/cli-linux-x64-musl@1.9.4':
    optional: true

  '@biomejs/cli-linux-x64@1.9.4':
    optional: true

  '@biomejs/cli-win32-arm64@1.9.4':
    optional: true

  '@biomejs/cli-win32-x64@1.9.4':
    optional: true

  '@rainstormy/presets-biome@1.0.0(@biomejs/biome@1.9.4)':
    dependencies:
      '@biomejs/biome': 1.9.4

  lefthook-darwin-arm64@1.12.3:
    optional: true

  lefthook-darwin-x64@1.12.3:
    optional: true

  lefthook-freebsd-arm64@1.12.3:
    optional: true

  lefthook-freebsd-x64@1.12.3:
    optional: true

  lefthook-linux-arm64@1.12.3:
    optional: true

  lefthook-linux-x64@1.12.3:
    optional: true

  lefthook-openbsd-arm64@1.12.3:
    optional: true

  lefthook-openbsd-x64@1.12.3:
    optional: true

  lefthook-windows-arm64@1.12.3:
    optional: true

  lefthook-windows-x64@1.12.3:
    optional: true

  lefthook@1.12.3:
    optionalDependencies:
      lefthook-darwin-arm64: 1.12.3
      lefthook-darwin-x64: 1.12.3
      lefthook-freebsd-arm64: 1.12.3
      lefthook-freebsd-x64: 1.12.3
      lefthook-linux-arm64: 1.12.3
      lefthook-linux-x64: 1.12.3
      lefthook-openbsd-arm64: 1.12.3
      lefthook-openbsd-x64: 1.12.3
      lefthook-windows-arm64: 1.12.3
      lefthook-windows-x64: 1.12.3

  typescript@5.6.2: {}
